
Microsoft Visual Studio Solution File, Format Version 12.00
# Visual Studio Version 16
VisualStudioVersion = 16.0.30204.135
MinimumVisualStudioVersion = 10.0.40219.1
Project("{9A19103F-16F7-4668-BE54-9A1E7A4F7556}") = "evocab.console", "evocab.console\evocab.console.csproj", "{27862018-9D3E-4ED4-A7DF-14386F28A864}"
EndProject
Project("{9A19103F-16F7-4668-BE54-9A1E7A4F7556}") = "evocab.engine", "evocab.engine\evocab.engine.csproj", "{3FA671EB-F249-4217-A993-C98A3C46A68E}"
EndProject
Project("{9A19103F-16F7-4668-BE54-9A1E7A4F7556}") = "evocab.tests", "evocab.tests\evocab.tests.csproj", "{EA687B06-E0DC-4E20-9D13-0718F7ADE2A1}"
EndProject
Project("{2150E333-8FDC-42A3-9474-1A3956D46DE8}") = "Solution Items", "Solution Items", "{B07029F1-35DB-4502-8CAA-9FF4F3ACADAE}"
EndProject
Global
	GlobalSection(SolutionConfigurationPlatforms) = preSolution
		Debug|Any CPU = Debug|Any CPU
		Release|Any CPU = Release|Any CPU
	EndGlobalSection
	GlobalSection(ProjectConfigurationPlatforms) = postSolution
		{27862018-9D3E-4ED4-A7DF-14386F28A864}.Debug|Any CPU.ActiveCfg = Debug|Any CPU
		{27862018-9D3E-4ED4-A7DF-14386F28A864}.Debug|Any CPU.Build.0 = Debug|Any CPU
		{27862018-9D3E-4ED4-A7DF-14386F28A864}.Release|Any CPU.ActiveCfg = Release|Any CPU
		{27862018-9D3E-4ED4-A7DF-14386F28A864}.Release|Any CPU.Build.0 = Release|Any CPU
		{3FA671EB-F249-4217-A993-C98A3C46A68E}.Debug|Any CPU.ActiveCfg = Debug|Any CPU
		{3FA671EB-F249-4217-A993-C98A3C46A68E}.Debug|Any CPU.Build.0 = Debug|Any CPU
		{3FA671EB-F249-4217-A993-C98A3C46A68E}.Release|Any CPU.ActiveCfg = Release|Any CPU
		{3FA671EB-F249-4217-A993-C98A3C46A68E}.Release|Any CPU.Build.0 = Release|Any CPU
		{EA687B06-E0DC-4E20-9D13-0718F7ADE2A1}.Debug|Any CPU.ActiveCfg = Debug|Any CPU
		{EA687B06-E0DC-4E20-9D13-0718F7ADE2A1}.Debug|Any CPU.Build.0 = Debug|Any CPU
		{EA687B06-E0DC-4E20-9D13-0718F7ADE2A1}.Release|Any CPU.ActiveCfg = Release|Any CPU
		{EA687B06-E0DC-4E20-9D13-0718F7ADE2A1}.Release|Any CPU.Build.0 = Release|Any CPU
	EndGlobalSection
	GlobalSection(SolutionProperties) = preSolution
		HideSolutionNode = FALSE
	EndGlobalSection
	GlobalSection(ExtensibilityGlobals) = postSolution
		SolutionGuid = {024A0D31-165B-4B8B-89B6-5A12CCCA882E}
	EndGlobalSection
EndGlobal
